# This file was autogenerated by Stack.
# You should not edit this file by hand.
# For more information, please see the documentation at:
#   https://docs.haskellstack.org/en/stable/lock_files

packages:
- completed:
    hackage: bytestring-0.11.5.4@sha256:896810b10dc600f435606c1e87821a5ae0963eeca2ded88276f4841727209516,7595
    pantry-tree:
      sha256: 6ca4c319839aefa42cbd85a5bcdf67068a2a0c60cb6e76b8a9fb98e5479ec60a
      size: 4019
  original:
    hackage: bytestring-0.11.5.4@sha256:896810b10dc600f435606c1e87821a5ae0963eeca2ded88276f4841727209516,7595
- completed:
    hackage: hsexif-0.6.1.10@sha256:f002993b7953186a9e13869efe830ce951b900ee504afdbc297950f3b88fc3e3,2276
    pantry-tree:
      sha256: 25066251bd371301fa2d8e693d5e84828ceee2a02e2ee7f1523065fc2cbf72db
      size: 1120
  original:
    hackage: hsexif-0.6.1.10@sha256:f002993b7953186a9e13869efe830ce951b900ee504afdbc297950f3b88fc3e3,2276
- completed:
    hackage: iconv-0.4.1.3@sha256:4ed36bee4af30bc2948aa3dde8da5025f1c4a3bb878dea4c03553eab643b3700,1237
    pantry-tree:
      sha256: e479d30bfa1a6fa6e72229266e5913631d80f9e618a8016f9e7a2335a6993ec2
      size: 550
  original:
    hackage: iconv-0.4.1.3@sha256:4ed36bee4af30bc2948aa3dde8da5025f1c4a3bb878dea4c03553eab643b3700,1237
- completed:
    hackage: binary-0.8.9.3@sha256:8b03c7fd5a7f6803280fba87e38d534beb1dc92fec975de5bd36200633996ef2,6576
    pantry-tree:
      sha256: 32834cef5d28bfbe4ba230c12bdae4363a30911f898df9e6d5074fbbabcd549a
      size: 1976
  original:
    hackage: binary-0.8.9.3@sha256:8b03c7fd5a7f6803280fba87e38d534beb1dc92fec975de5bd36200633996ef2,6576
- completed:
    hackage: text-2.1.3@sha256:1907e0f6914e376df3a3a1fbc5a04e49c729d333de34babba4da30075048c60f,11185
    pantry-tree:
      sha256: 44a1a038eafd6d59998c0b327b231e344252a64b083300e56649ebf2b7c20646
      size: 8725
  original:
    hackage: text-2.1.3@sha256:1907e0f6914e376df3a3a1fbc5a04e49c729d333de34babba4da30075048c60f,11185
- completed:
    hackage: filepath-1.4.301.0@sha256:2c5d05f98759938db45757016ec406ed2c6021cd9018a53fedb76b9d5a8239ea,6128
    pantry-tree:
      sha256: 8f99fd207c99566f18b0e5efe784cb72e6b240dde9ceecbe1a1a11954f6dae89
      size: 3998
  original:
    hackage: filepath-1.4.301.0@sha256:2c5d05f98759938db45757016ec406ed2c6021cd9018a53fedb76b9d5a8239ea,6128
- completed:
    hackage: os-string-2.0.8@sha256:d8b0f9cc3c7efb14c9924699322c8f151f30a65e8845bdf53bd344af47452344,3298
    pantry-tree:
      sha256: 08d9ae91b86c500fc357f6be231fd8faf372525406e9fd7122c9bdd7aefcfaa6
      size: 2295
  original:
    hackage: os-string-2.0.8@sha256:d8b0f9cc3c7efb14c9924699322c8f151f30a65e8845bdf53bd344af47452344,3298
- completed:
    hackage: unix-2.8.7.0@sha256:da731114a8ec7106c76c7d96c2b02f1b4963cb12e360a2029f4248e22a327375,10266
    pantry-tree:
      sha256: 45038061c4dc273f9775ca4e117b798c512d9624e602c9ae67ff07f921871fed
      size: 5888
  original:
    hackage: unix-2.8.7.0@sha256:da731114a8ec7106c76c7d96c2b02f1b4963cb12e360a2029f4248e22a327375,10266
- completed:
    hackage: directory-1.3.9.0@sha256:2490137bb7738bd79392959458ef5f276219ea5ba8a9a56d3e0b06315c1bb917,3307
    pantry-tree:
      sha256: cf35b0c2755674f913078c588c88fc169d928ce09f292c648af9f1dbc3167131
      size: 3386
  original:
    hackage: directory-1.3.9.0@sha256:2490137bb7738bd79392959458ef5f276219ea5ba8a9a56d3e0b06315c1bb917,3307
- completed:
    hackage: file-io-0.1.5@sha256:1d68a81fa684d006b1ec73836cebe3de9a54688836915fe3e56a20389846bb4e,3309
    pantry-tree:
      sha256: 29b9dc0a18772cb73091b711a5dbda029fe89c1ffb06034b4f54258c4eabfe1b
      size: 905
  original:
    hackage: file-io-0.1.5@sha256:1d68a81fa684d006b1ec73836cebe3de9a54688836915fe3e56a20389846bb4e,3309
- completed:
    hackage: MissingH-1.6.0.2@sha256:d1379d74fa6052b13f46262cf9000d7231cfd1cfaf2daa84c2646841192aafd1,4662
    pantry-tree:
      sha256: d6f7531f85ad72395af2b5384a2ccd975230963d53cd2223234a8098a2d3f6a1
      size: 5272
  original:
    hackage: MissingH-1.6.0.2@sha256:d1379d74fa6052b13f46262cf9000d7231cfd1cfaf2daa84c2646841192aafd1,4662
- completed:
    hackage: hslogger-1.3.1.2@sha256:285c230fdea10961b0777ad4c08b6bf29527033c0ea8ca7426ac6357423ae045,2957
    pantry-tree:
      sha256: 14b1ace67d1ca6867c151f7d903c7091378af46b29c7864cac1e9df9db75e88a
      size: 1365
  original:
    hackage: hslogger-1.3.1.2@sha256:285c230fdea10961b0777ad4c08b6bf29527033c0ea8ca7426ac6357423ae045,2957
- completed:
    hackage: network-3.2.7.0@sha256:e3a1ec8b8dd32f1d5a541679a67de60d6626487a95f20c6bc245268ae7142ab7,5305
    pantry-tree:
      sha256: a6b96da036a806119e17bd90ab2ef499778cf727531e22f3274ae9970ea630cf
      size: 4039
  original:
    hackage: network-3.2.7.0@sha256:e3a1ec8b8dd32f1d5a541679a67de60d6626487a95f20c6bc245268ae7142ab7,5305
- completed:
    hackage: network-bsd-2.8.1.0@sha256:cc7867f81c6eb3f1924bbb1029757af6e3b67a3c224c1faa329be3ea70ad729c,3780
    pantry-tree:
      sha256: 57165d9e73b8ea1ffaf118fd5b54f15875e29eea6f40db29f53de9baa4d865d3
      size: 264
  original:
    hackage: network-bsd-2.8.1.0@sha256:cc7867f81c6eb3f1924bbb1029757af6e3b67a3c224c1faa329be3ea70ad729c,3780
- completed:
    hackage: old-locale-1.0.0.7@sha256:fa998be2c7e00cd26a6e9075bea790caaf3932caa3e9497ad69bc20380dd6911,1071
    pantry-tree:
      sha256: 462ef15cb35164d585aa3860f717c9685fbf05578330490860abd544381d2e24
      size: 263
  original:
    hackage: old-locale-1.0.0.7@sha256:fa998be2c7e00cd26a6e9075bea790caaf3932caa3e9497ad69bc20380dd6911,1071
- completed:
    hackage: old-time-1.1.0.4@sha256:6e3dfb5b1d7cb24ed7ea9bbca1153485ae38fa0534b0581886dd42eeedf82447,1489
    pantry-tree:
      sha256: 91bb4989381a2ff44029136f0da60ad89303fa3e21f23ee300f1b6f2e0959661
      size: 810
  original:
    hackage: old-time-1.1.0.4@sha256:6e3dfb5b1d7cb24ed7ea9bbca1153485ae38fa0534b0581886dd42eeedf82447,1489
- completed:
    hackage: parsec-3.1.18.0@sha256:dfbb9835b8abc966b6bbd34340ef5122227b4cf4480062b85ca4c4704f054f98,4535
    pantry-tree:
      sha256: 48ae1440eb8eb4fecde2a724c492e830ff2bec341117164302399b417733bf70
      size: 2810
  original:
    hackage: parsec-3.1.18.0@sha256:dfbb9835b8abc966b6bbd34340ef5122227b4cf4480062b85ca4c4704f054f98,4535
- completed:
    hackage: process-1.6.26.1@sha256:6def2e07c317f52f4d30c43e92f97b7bc5f7c27cb1270d386b15dce429e1180f,2947
    pantry-tree:
      sha256: 4cdf369a03c496a02a67d6d963884ae7b57eead30407881316983394b73cdc2e
      size: 1869
  original:
    hackage: process-1.6.26.1@sha256:6def2e07c317f52f4d30c43e92f97b7bc5f7c27cb1270d386b15dce429e1180f,2947
- completed:
    hackage: regex-compat-0.95.2.2@sha256:c62ba16b171933e251fb6950170272b4a26bf7a3ee2043768f94bd833f6f830f,1623
    pantry-tree:
      sha256: 98a891f8cf582175f652aedd75a664b8e40008c3e18b14de189bfdaabebbf616
      size: 264
  original:
    hackage: regex-compat-0.95.2.2@sha256:c62ba16b171933e251fb6950170272b4a26bf7a3ee2043768f94bd833f6f830f,1623
- completed:
    hackage: regex-base-0.94.0.3@sha256:d6c0c6d1136f5046207a331114ff4130e70640452096de7719bf03e3fceb7c7b,2391
    pantry-tree:
      sha256: abc994abb47c2e060b4f1b370ee163ecd96409a5131a1eee0178af03cc72cad5
      size: 532
  original:
    hackage: regex-base-0.94.0.3@sha256:d6c0c6d1136f5046207a331114ff4130e70640452096de7719bf03e3fceb7c7b,2391
- completed:
    hackage: regex-posix-0.96.0.2@sha256:faf170ca5073e8d538a7a18f727a02a96f2a36c5fd53a1696263a70ab81bc6fe,2728
    pantry-tree:
      sha256: e247225613960003fd8b46d98287737147d982df118ec22919e239a4705cf857
      size: 751
  original:
    hackage: regex-posix-0.96.0.2@sha256:faf170ca5073e8d538a7a18f727a02a96f2a36c5fd53a1696263a70ab81bc6fe,2728
- completed:
    hackage: extra-1.8@sha256:57d9200fbea2e88e05e0be35925511764827b1c86d3214106b0b610f331fc40c,2725
    pantry-tree:
      sha256: 3aafb822ea6975fa23384ef35d82bd67442b302795bf6a58c98b366e75302a1f
      size: 1961
  original:
    hackage: extra-1.8@sha256:57d9200fbea2e88e05e0be35925511764827b1c86d3214106b0b610f331fc40c,2725
- completed:
    hackage: clock-0.8.4@sha256:b938655b00cf204ce69abfff946021bed111d2609a9f7a9c22e28a1a202e9115,4631
    pantry-tree:
      sha256: 0ca511f7ea409e65a9de5539f265bb906a3eec6a4ac1a201731a8a328120cc88
      size: 499
  original:
    hackage: clock-0.8.4@sha256:b938655b00cf204ce69abfff946021bed111d2609a9f7a9c22e28a1a202e9115,4631
snapshots: []
