# This file was autogenerated by Stack.
# You should not edit this file by hand.
# For more information, please see the documentation at:
#   https://docs.haskellstack.org/en/stable/lock_files

packages:
- completed:
    hackage: bytestring-0.11.5.4@sha256:896810b10dc600f435606c1e87821a5ae0963eeca2ded88276f4841727209516,7595
    pantry-tree:
      sha256: 6ca4c319839aefa42cbd85a5bcdf67068a2a0c60cb6e76b8a9fb98e5479ec60a
      size: 4019
  original:
    hackage: bytestring-0.11.5.4@sha256:896810b10dc600f435606c1e87821a5ae0963eeca2ded88276f4841727209516,7595
- completed:
    hackage: hsexif-0.6.1.10@sha256:f002993b7953186a9e13869efe830ce951b900ee504afdbc297950f3b88fc3e3,2276
    pantry-tree:
      sha256: 25066251bd371301fa2d8e693d5e84828ceee2a02e2ee7f1523065fc2cbf72db
      size: 1120
  original:
    hackage: hsexif-0.6.1.10@sha256:f002993b7953186a9e13869efe830ce951b900ee504afdbc297950f3b88fc3e3,2276
- completed:
    hackage: iconv-0.4.1.3@sha256:4ed36bee4af30bc2948aa3dde8da5025f1c4a3bb878dea4c03553eab643b3700,1237
    pantry-tree:
      sha256: e479d30bfa1a6fa6e72229266e5913631d80f9e618a8016f9e7a2335a6993ec2
      size: 550
  original:
    hackage: iconv-0.4.1.3@sha256:4ed36bee4af30bc2948aa3dde8da5025f1c4a3bb878dea4c03553eab643b3700,1237
- completed:
    hackage: binary-0.8.9.3@sha256:8b03c7fd5a7f6803280fba87e38d534beb1dc92fec975de5bd36200633996ef2,6576
    pantry-tree:
      sha256: 32834cef5d28bfbe4ba230c12bdae4363a30911f898df9e6d5074fbbabcd549a
      size: 1976
  original:
    hackage: binary-0.8.9.3@sha256:8b03c7fd5a7f6803280fba87e38d534beb1dc92fec975de5bd36200633996ef2,6576
- completed:
    hackage: text-2.1.3@sha256:1907e0f6914e376df3a3a1fbc5a04e49c729d333de34babba4da30075048c60f,11185
    pantry-tree:
      sha256: 44a1a038eafd6d59998c0b327b231e344252a64b083300e56649ebf2b7c20646
      size: 8725
  original:
    hackage: text-2.1.3@sha256:1907e0f6914e376df3a3a1fbc5a04e49c729d333de34babba4da30075048c60f,11185
- completed:
    hackage: filepath-1.4.301.0@sha256:2c5d05f98759938db45757016ec406ed2c6021cd9018a53fedb76b9d5a8239ea,6128
    pantry-tree:
      sha256: 8f99fd207c99566f18b0e5efe784cb72e6b240dde9ceecbe1a1a11954f6dae89
      size: 3998
  original:
    hackage: filepath-1.4.301.0@sha256:2c5d05f98759938db45757016ec406ed2c6021cd9018a53fedb76b9d5a8239ea,6128
- completed:
    hackage: os-string-2.0.8@sha256:d8b0f9cc3c7efb14c9924699322c8f151f30a65e8845bdf53bd344af47452344,3298
    pantry-tree:
      sha256: 08d9ae91b86c500fc357f6be231fd8faf372525406e9fd7122c9bdd7aefcfaa6
      size: 2295
  original:
    hackage: os-string-2.0.8@sha256:d8b0f9cc3c7efb14c9924699322c8f151f30a65e8845bdf53bd344af47452344,3298
- completed:
    hackage: unix-2.8.7.0@sha256:da731114a8ec7106c76c7d96c2b02f1b4963cb12e360a2029f4248e22a327375,10266
    pantry-tree:
      sha256: 45038061c4dc273f9775ca4e117b798c512d9624e602c9ae67ff07f921871fed
      size: 5888
  original:
    hackage: unix-2.8.7.0@sha256:da731114a8ec7106c76c7d96c2b02f1b4963cb12e360a2029f4248e22a327375,10266
snapshots: []
